
Microsoft Visual Studio Solution File, Format Version 12.00
# Visual Studio 2012
Project("{FAE04EC0-301F-11D3-BF4B-00C04F79EFBC}") = "CTS.Web", "CTS\CTS.Web.csproj", "{E7D40207-D3C0-4066-968A-6534A3F02BB3}"
EndProject
Project("{FAE04EC0-301F-11D3-BF4B-00C04F79EFBC}") = "CTS.Web.Tests", "CTS.Tests\CTS.Web.Tests.csproj", "{14609F14-EF45-48A4-ACF6-8F7163C8DF9E}"
EndProject
Project("{FAE04EC0-301F-11D3-BF4B-00C04F79EFBC}") = "CTS.Domain", "CTS.Domain\CTS.Domain.csproj", "{5BF25FD0-A210-47D2-A415-C8748A5A1C72}"
EndProject
Project("{FAE04EC0-301F-11D3-BF4B-00C04F79EFBC}") = "CTS.Services", "CTS.Services\CTS.Services.csproj", "{6E1E383D-29E8-4851-AAEA-5A17D868928A}"
EndProject
Global
	GlobalSection(SolutionConfigurationPlatforms) = preSolution
		Debug|Any CPU = Debug|Any CPU
		Release|Any CPU = Release|Any CPU
	EndGlobalSection
	GlobalSection(ProjectConfigurationPlatforms) = postSolution
		{E7D40207-D3C0-4066-968A-6534A3F02BB3}.Debug|Any CPU.ActiveCfg = Debug|Any CPU
		{E7D40207-D3C0-4066-968A-6534A3F02BB3}.Debug|Any CPU.Build.0 = Debug|Any CPU
		{E7D40207-D3C0-4066-968A-6534A3F02BB3}.Release|Any CPU.ActiveCfg = Release|Any CPU
		{E7D40207-D3C0-4066-968A-6534A3F02BB3}.Release|Any CPU.Build.0 = Release|Any CPU
		{14609F14-EF45-48A4-ACF6-8F7163C8DF9E}.Debug|Any CPU.ActiveCfg = Debug|Any CPU
		{14609F14-EF45-48A4-ACF6-8F7163C8DF9E}.Debug|Any CPU.Build.0 = Debug|Any CPU
		{14609F14-EF45-48A4-ACF6-8F7163C8DF9E}.Release|Any CPU.ActiveCfg = Release|Any CPU
		{14609F14-EF45-48A4-ACF6-8F7163C8DF9E}.Release|Any CPU.Build.0 = Release|Any CPU
		{5BF25FD0-A210-47D2-A415-C8748A5A1C72}.Debug|Any CPU.ActiveCfg = Debug|Any CPU
		{5BF25FD0-A210-47D2-A415-C8748A5A1C72}.Debug|Any CPU.Build.0 = Debug|Any CPU
		{5BF25FD0-A210-47D2-A415-C8748A5A1C72}.Release|Any CPU.ActiveCfg = Release|Any CPU
		{5BF25FD0-A210-47D2-A415-C8748A5A1C72}.Release|Any CPU.Build.0 = Release|Any CPU
		{6E1E383D-29E8-4851-AAEA-5A17D868928A}.Debug|Any CPU.ActiveCfg = Debug|Any CPU
		{6E1E383D-29E8-4851-AAEA-5A17D868928A}.Debug|Any CPU.Build.0 = Debug|Any CPU
		{6E1E383D-29E8-4851-AAEA-5A17D868928A}.Release|Any CPU.ActiveCfg = Release|Any CPU
		{6E1E383D-29E8-4851-AAEA-5A17D868928A}.Release|Any CPU.Build.0 = Release|Any CPU
	EndGlobalSection
	GlobalSection(SolutionProperties) = preSolution
		HideSolutionNode = FALSE
	EndGlobalSection
EndGlobal
